
Microsoft Visual Studio Solution File, Format Version 12.00
# Visual Studio 15
VisualStudioVersion = 15.0.27703.2042
MinimumVisualStudioVersion = 10.0.40219.1
Project("{FAE04EC0-301F-11D3-BF4B-00C04F79EFBC}") = "WebApi", "WebApi\WebApi.csproj", "{D5E3008F-9519-480E-A5C6-53C7100ADD56}"
EndProject
Global
	GlobalSection(SolutionConfigurationPlatforms) = preSolution
		Debug|Any CPU = Debug|Any CPU
		Release|Any CPU = Release|Any CPU
	EndGlobalSection
	GlobalSection(ProjectConfigurationPlatforms) = postSolution
		{D5E3008F-9519-480E-A5C6-53C7100ADD56}.Debug|Any CPU.ActiveCfg = Debug|Any CPU
		{D5E3008F-9519-480E-A5C6-53C7100ADD56}.Debug|Any CPU.Build.0 = Debug|Any CPU
		{D5E3008F-9519-480E-A5C6-53C7100ADD56}.Release|Any CPU.ActiveCfg = Release|Any CPU
		{D5E3008F-9519-480E-A5C6-53C7100ADD56}.Release|Any CPU.Build.0 = Release|Any CPU
	EndGlobalSection
	GlobalSection(SolutionProperties) = preSolution
		HideSolutionNode = FALSE
	EndGlobalSection
	GlobalSection(ExtensibilityGlobals) = postSolution
		SolutionGuid = {C4D1FFE1-C015-45D0-A9A5-65ECA40DE42F}
	EndGlobalSection
EndGlobal
